
Microsoft Visual Studio Solution File, Format Version 12.00
# Visual Studio Version 17
VisualStudioVersion = 17.0.31903.59
MinimumVisualStudioVersion = 10.0.40219.1
Project("{2150E333-8FDC-42A3-9474-1A3956D46DE8}") = "ConsoleApps", "ConsoleApps", "{219F0EF2-26B5-42B8-8B87-9DBDBF2E5E12}"
EndProject
Project("{2150E333-8FDC-42A3-9474-1A3956D46DE8}") = "Week5", "Week5", "{CB9E6BD4-B7E6-4718-B29B-3E8FB034F84F}"
EndProject
Project("{9A19103F-16F7-4668-BE54-9A1E7A4F7556}") = "DataTypes.ValueTypes", "ConsoleApps\Week5\DataTypes.ValueTypes\DataTypes.ValueTypes.csproj", "{85E47408-FF31-4B3B-A1DA-C1738AC846BC}"
EndProject
Project("{9A19103F-16F7-4668-BE54-9A1E7A4F7556}") = "Week5.Homeworks", "ConsoleApps\Week5\Week5.Homeworks\Week5.Homeworks.csproj", "{3D72B4EC-5976-479E-8DC8-D1C90977DC9A}"
EndProject
Project("{2150E333-8FDC-42A3-9474-1A3956D46DE8}") = "Week6", "Week6", "{B6FEF63E-9F38-4EDC-AA0C-05DEB260DEE5}"
EndProject
Project("{9A19103F-16F7-4668-BE54-9A1E7A4F7556}") = "DataTypes.Castings", "ConsoleApps\Week6\DataTypes.Castings\DataTypes.Castings.csproj", "{57F39917-D371-46FC-B088-ABACE59361CF}"
EndProject
Project("{9A19103F-16F7-4668-BE54-9A1E7A4F7556}") = "User.Input", "ConsoleApps\Week6\User.Input\User.Input.csproj", "{4136D54F-6408-4EBA-B5A6-F729A9E2B6A1}"
EndProject
Project("{2150E333-8FDC-42A3-9474-1A3956D46DE8}") = "Week7", "Week7", "{20B3C8FA-2091-417D-AB11-685D0ED73794}"
EndProject
Project("{9A19103F-16F7-4668-BE54-9A1E7A4F7556}") = "Week7.Day01.Practice", "ConsoleApps\Week7\Week7.Day01.Practice\Week7.Day01.Practice.csproj", "{3AA7B109-024F-46A4-8B9E-968BF799F17B}"
EndProject
Project("{2150E333-8FDC-42A3-9474-1A3956D46DE8}") = "Week8", "Week8", "{72827747-6BE1-49B8-ABB5-07DA02AE5DC9}"
EndProject
Project("{9A19103F-16F7-4668-BE54-9A1E7A4F7556}") = "Practice", "ConsoleApps\Week8\Practice\Practice.csproj", "{9C8B817C-0C9E-486B-87E4-15D075F1F7F4}"
EndProject
Project("{9A19103F-16F7-4668-BE54-9A1E7A4F7556}") = "Strings", "ConsoleApps\Week8\Strings\Strings.csproj", "{4DF0E379-A57C-4A3E-8533-73B578FE2DB2}"
EndProject
Project("{9A19103F-16F7-4668-BE54-9A1E7A4F7556}") = "If.Else", "ConsoleApps\Week8\If.Else\If.Else.csproj", "{6ED6D05C-C45C-4519-A8C4-EF06BEC879CA}"
EndProject
Project("{9A19103F-16F7-4668-BE54-9A1E7A4F7556}") = "Swiitch.Case", "ConsoleApps\Week8\Swiitch.Case\Swiitch.Case.csproj", "{2CE2A07C-A68E-4C65-AE52-487201640EA7}"
EndProject
Project("{2150E333-8FDC-42A3-9474-1A3956D46DE8}") = "Week10", "Week10", "{A85888B7-FC1F-469B-AC3A-D63ACD342183}"
EndProject
Project("{9A19103F-16F7-4668-BE54-9A1E7A4F7556}") = "Loop", "ConsoleApps\Week10\Loop\Loop.csproj", "{0222DC0D-55AD-4E57-B2DA-FD0C4D1F440A}"
EndProject
Project("{9A19103F-16F7-4668-BE54-9A1E7A4F7556}") = "Quiz.Game", "ConsoleApps\Week10\Quiz.Game\Quiz.Game.csproj", "{3B12A6B5-053A-438C-9A99-15559F91647B}"
EndProject
Project("{2150E333-8FDC-42A3-9474-1A3956D46DE8}") = "Week12", "Week12", "{D2DD324F-2393-4635-8401-4FD4357DA33C}"
EndProject
Project("{9A19103F-16F7-4668-BE54-9A1E7A4F7556}") = "Arrays", "ConsoleApps\Week12\Arrays\Arrays.csproj", "{3B9C7556-C18F-417F-BFBD-3AB48C96CA90}"
EndProject
Project("{9A19103F-16F7-4668-BE54-9A1E7A4F7556}") = "Method", "ConsoleApps\Week12\Method\Method.csproj", "{D0C424F3-3A45-4092-B8CD-27A970C28684}"
EndProject
Project("{2150E333-8FDC-42A3-9474-1A3956D46DE8}") = "Week11", "Week11", "{BFFB1D06-07C4-4677-B12B-C848F3CD6556}"
EndProject
Project("{9A19103F-16F7-4668-BE54-9A1E7A4F7556}") = "ATM", "ConsoleApps\Week11\ATM\ATM.csproj", "{C3C64596-315D-45F0-AB20-E33879A1AC62}"
EndProject
Project("{2150E333-8FDC-42A3-9474-1A3956D46DE8}") = "Solution items", "Solution items", "{C7107F71-6C30-49E2-91DB-8F84957314C5}"
	ProjectSection(SolutionItems) = preProject
		Month01.md = Month01.md
		Month02.md = Month02.md
	EndProjectSection
EndProject
Project("{2150E333-8FDC-42A3-9474-1A3956D46DE8}") = "Week13", "Week13", "{B0C87CE1-BB03-4C17-AE23-03933366443B}"
EndProject
Project("{9A19103F-16F7-4668-BE54-9A1E7A4F7556}") = "Array&MethodTasks", "ConsoleApps\Week13\Array&MethodTasks\Array&MethodTasks.csproj", "{6587663F-429B-4F11-87F5-795AB5057F36}"
EndProject
Project("{2150E333-8FDC-42A3-9474-1A3956D46DE8}") = "Week15", "Week15", "{B85EC3C4-1815-4197-9035-14D258BE2613}"
EndProject
Project("{9A19103F-16F7-4668-BE54-9A1E7A4F7556}") = "Practice.Method", "ConsoleApps\Week15\Practice.Method\Practice.Method.csproj", "{375259FA-AE6E-42F1-A982-2180DE6EB015}"
EndProject
Project("{9A19103F-16F7-4668-BE54-9A1E7A4F7556}") = "Practice.OOP.Class", "ConsoleApps\Week15\Practice.OOP.Class\Practice.OOP.Class.csproj", "{7642B5C5-DEC3-47E0-A72B-C45F55F7BEE7}"
EndProject
Project("{9A19103F-16F7-4668-BE54-9A1E7A4F7556}") = "PracticeTasksBook", "ConsoleApps\Week15\PracticeTasksBook\PracticeTasksBook.csproj", "{EA9A770F-77D5-4057-B316-F5E46ED44A0C}"
EndProject
Project("{9A19103F-16F7-4668-BE54-9A1E7A4F7556}") = "TasksCar", "ConsoleApps\Week15\TasksCar\TasksCar.csproj", "{BB141ABD-69F5-464A-9147-204C467A4180}"
EndProject
Project("{9A19103F-16F7-4668-BE54-9A1E7A4F7556}") = "Tasks.Product", "ConsoleApps\Week15\Tasks.Product\Tasks.Product.csproj", "{5FBC3955-5F7F-4808-AD01-2C0D030CE4FA}"
EndProject
Project("{2150E333-8FDC-42A3-9474-1A3956D46DE8}") = "Week16", "Week16", "{A2E6D062-EDED-4B8E-8421-7D0DE990EDA0}"
EndProject
Project("{9A19103F-16F7-4668-BE54-9A1E7A4F7556}") = "Practice", "ConsoleApps\Week16\Practice\Practice.csproj", "{1A390707-347C-4EE0-BB81-ECDEC5F52526}"
EndProject
Project("{9A19103F-16F7-4668-BE54-9A1E7A4F7556}") = "Practice.Boxing.Unboxing", "ConsoleApps\Week16\Practice.Boxing.Unboxing\Practice.Boxing.Unboxing.csproj", "{569632F5-22A6-4E88-95B5-289531059034}"
EndProject
Project("{2150E333-8FDC-42A3-9474-1A3956D46DE8}") = "Week16Day2", "Week16Day2", "{F97043A4-BBAE-48DA-93D5-9EBFC87AF52A}"
EndProject
Project("{9A19103F-16F7-4668-BE54-9A1E7A4F7556}") = "EncapsulationAccessModifiers", "ConsoleApps\Week16Day2\EncapsulationAccessModifiers\EncapsulationAccessModifiers.csproj", "{559B638F-A19D-46B6-9CCE-AB839792356D}"
EndProject
Project("{2150E333-8FDC-42A3-9474-1A3956D46DE8}") = "Week17", "Week17", "{D50CBFA0-937D-4642-B25A-D7773D764A02}"
EndProject
Project("{9A19103F-16F7-4668-BE54-9A1E7A4F7556}") = "Practice.Object", "ConsoleApps\Week17\Practice.Object\Practice.Object.csproj", "{3A1014A4-A976-419D-9D23-D59A58DEEC3A}"
EndProject
Project("{2150E333-8FDC-42A3-9474-1A3956D46DE8}") = "Week18", "Week18", "{4E540E48-F8E9-4DF1-8E1E-5403CB57AD8F}"
EndProject
Project("{9A19103F-16F7-4668-BE54-9A1E7A4F7556}") = "Practice.Inheritance", "ConsoleApps\Week18\Practice.Inheritance\Practice.Inheritance.csproj", "{37DC60F1-D33C-4729-B6E1-BD041E477CA6}"
EndProject
Project("{9A19103F-16F7-4668-BE54-9A1E7A4F7556}") = "Practice.Inheritance.School", "ConsoleApps\Week18\Practice.Inheritance.School\Practice.Inheritance.School.csproj", "{E302319B-9CDC-440E-8625-5856431E9A78}"
EndProject
Project("{2150E333-8FDC-42A3-9474-1A3956D46DE8}") = "Week19", "Week19", "{F59E7000-F6E5-434F-9273-250B8917F80A}"
EndProject
Project("{9A19103F-16F7-4668-BE54-9A1E7A4F7556}") = "TasksForMastering.Inheritance", "ConsoleApps\Week19\TasksForMastering.Inheritance\TasksForMastering.Inheritance.csproj", "{F57B62CC-31C5-478E-BA4B-F1E40E928CAE}"
EndProject
Project("{2150E333-8FDC-42A3-9474-1A3956D46DE8}") = "Week26", "Week26", "{403E18BF-039A-43C8-91B9-8FFB1F13D3EF}"
EndProject
Project("{9A19103F-16F7-4668-BE54-9A1E7A4F7556}") = "LibraryManegementSystem", "ConsoleApps\Week19\LibraryManegementSystem\LibraryManegementSystem.csproj", "{72DC79B0-8873-42EC-881F-F613508FD886}"
EndProject
Project("{2150E333-8FDC-42A3-9474-1A3956D46DE8}") = "Week22", "Week22", "{D0F33ED6-5F3C-4768-9014-0315AB1BD163}"
EndProject
Project("{9A19103F-16F7-4668-BE54-9A1E7A4F7556}") = "OOP.Polymorphism.Examples", "ConsoleApps\Week22\OOP.Polymorphism.Examples\OOP.Polymorphism.Examples.csproj", "{9172B9E5-DE24-4F14-8004-6D76600205BC}"
EndProject
Project("{9A19103F-16F7-4668-BE54-9A1E7A4F7556}") = "OOP.Abstraction.AbstractClass and AbstarctMethod", "ConsoleApps\Week22\OOP.Abstraction.AbstractClass and AbstarctMethod\OOP.Abstraction.AbstractClass and AbstarctMethod.csproj", "{50281100-42A8-4437-9D74-9D65E2535BB7}"
EndProject
Project("{9A19103F-16F7-4668-BE54-9A1E7A4F7556}") = "Polymorphism.Tasks", "ConsoleApps\Week22\Polymorphism.Tasks\Polymorphism.Tasks.csproj", "{07591EE3-CD6D-408B-AA8B-E8D4C498D243}"
EndProject
Project("{2150E333-8FDC-42A3-9474-1A3956D46DE8}") = "Week23", "Week23", "{A530BB50-FF93-47F6-BAAD-BCFC5F49052B}"
EndProject
Project("{9A19103F-16F7-4668-BE54-9A1E7A4F7556}") = "AbstractClass.Tasks", "ConsoleApps\Week23\AbstractClass.Tasks\AbstractClass.Tasks.csproj", "{890D7EBC-20A7-4760-9116-5ED11E7B9B30}"
EndProject
Project("{9A19103F-16F7-4668-BE54-9A1E7A4F7556}") = "Interface.Tasks", "ConsoleApps\Week23\Interface.Tasks\Interface.Tasks.csproj", "{AE2A367F-9644-49C5-8700-E5F0FBE85321}"
EndProject
Project("{9A19103F-16F7-4668-BE54-9A1E7A4F7556}") = "PartialClass.Tasks", "ConsoleApps\Week23\PartialClass.Tasks\PartialClass.Tasks.csproj", "{032799F1-7871-4E98-9765-03C855B93BFF}"
EndProject
Project("{9A19103F-16F7-4668-BE54-9A1E7A4F7556}") = "BankAccount.Task", "ConsoleApps\Week23\BankAccount.Task\BankAccount.Task.csproj", "{1ED17521-68F0-4566-9D39-0696583C24FE}"
EndProject
Project("{9A19103F-16F7-4668-BE54-9A1E7A4F7556}") = "Calculator.Task", "ConsoleApps\Week23\Calculator.Task\Calculator.Task.csproj", "{32421FDE-742C-48A6-A418-6D93B230CD0D}"
EndProject
Project("{9A19103F-16F7-4668-BE54-9A1E7A4F7556}") = "TextEditor.Task", "ConsoleApps\Week23\TextEditor.Task\TextEditor.Task.csproj", "{4D651436-BBB8-4B60-9897-F7FEFD242E88}"
EndProject
Project("{9A19103F-16F7-4668-BE54-9A1E7A4F7556}") = "SealedClass.Tasks", "ConsoleApps\Week23\SealedClass.Tasks\SealedClass.Tasks.csproj", "{FDA429C3-1A8A-4BEA-BFEB-27ED41A162F6}"
EndProject
Project("{9A19103F-16F7-4668-BE54-9A1E7A4F7556}") = "Homework.Array.Tasks", "ConsoleApps\Week23\Homework.Array.Tasks\Homework.Array.Tasks.csproj", "{A271958E-5D6F-4A5A-BD38-6DEE7A3629B8}"
EndProject
Project("{2150E333-8FDC-42A3-9474-1A3956D46DE8}") = "Week24", "Week24", "{FD47DA98-F114-4ABC-A6A3-6D82450F8CB4}"
EndProject
Project("{9A19103F-16F7-4668-BE54-9A1E7A4F7556}") = "StaticClass.Tasks", "ConsoleApps\Week24\StaticClassTasks\StaticClass.Tasks.csproj", "{8CBBC153-1ADC-469E-A598-19D674C845C0}"
EndProject
Project("{9A19103F-16F7-4668-BE54-9A1E7A4F7556}") = "ExtensionMethod.Tasks", "ConsoleApps\Week24\ExtensionMethod.Tasks\ExtensionMethod.Tasks.csproj", "{0AA3EDE2-97D5-4F96-9AA4-B355FBA18FEF}"
EndProject
Project("{9A19103F-16F7-4668-BE54-9A1E7A4F7556}") = "Shared", "ConsoleApps\Week24\Shared\Shared.csproj", "{FF252CEA-4D36-4E22-8F4B-3835A9D4EEF3}"
EndProject
Project("{9A19103F-16F7-4668-BE54-9A1E7A4F7556}") = "ExceptionHandling", "ConsoleApps\Week26\ExceptionHandling\ExceptionHandling.csproj", "{EB60C735-A91A-4E42-ACA1-E8E937A0F63D}"
EndProject
Project("{9A19103F-16F7-4668-BE54-9A1E7A4F7556}") = "IntelligentUserProfile", "ConsoleApps\Week26\IntelligentUserProfile\IntelligentUserProfile.csproj", "{8974F6FF-FA1D-4A36-BE55-D26EF28231D8}"
EndProject
Project("{2150E333-8FDC-42A3-9474-1A3956D46DE8}") = "Week28", "Week28", "{8DF4C7D0-BE75-4C6D-9F66-0E1D76E5BB8F}"
EndProject
Project("{9A19103F-16F7-4668-BE54-9A1E7A4F7556}") = "FileHandling.Examples", "ConsoleApps\Week28\FileHandling.Examples\FileHandling.Examples.csproj", "{CF11A3E7-3516-4F42-B4E8-131305699EBC}"
EndProject
Project("{9A19103F-16F7-4668-BE54-9A1E7A4F7556}") = "FileHandling.FileClass", "ConsoleApps\Week28\FileHandling.FileClass\FileHandling.FileClass.csproj", "{4B8B1810-1F71-4711-BCD2-E2FD3316AB9A}"
EndProject
Project("{9A19103F-16F7-4668-BE54-9A1E7A4F7556}") = "FileHandlingAndResourcesManagement.Tasks", "ConsoleApps\Week28\FileHandlingAndResourcesManagement.Tasks\FileHandlingAndResourcesManagement.Tasks.csproj", "{3392D07A-2645-4AF8-8E1C-CC4E1B638E97}"
EndProject
Project("{9A19103F-16F7-4668-BE54-9A1E7A4F7556}") = "NoteApp", "ConsoleApps\Week28\NoteApp\NoteApp.csproj", "{1A5E3940-2E92-4DE6-AAF2-D5B5B6615C28}"
EndProject
Project("{2150E333-8FDC-42A3-9474-1A3956D46DE8}") = "Week31", "Week31", "{84C6A627-A870-4C28-9837-86255B50F4D9}"
EndProject
Project("{FAE04EC0-301F-11D3-BF4B-00C04F79EFBC}") = "Collections.Example", "ConsoleApps\Week31\Collections.Example\Collections.Example.csproj", "{D7392AF7-12A5-4CB3-9FFB-330BD7811B7A}"
EndProject
Project("{FAE04EC0-301F-11D3-BF4B-00C04F79EFBC}") = "LMSWithArrayList", "ConsoleApps\Week31\LMSWithArrayList\LMSWithArrayList.csproj", "{B796B1A9-96FD-41F8-B5FD-97B85FD1C0CB}"
EndProject
Project("{FAE04EC0-301F-11D3-BF4B-00C04F79EFBC}") = "LMSWithArrayListPractice", "ConsoleApps\Week31\LMSWithArrayListPractice\LMSWithArrayListPractice.csproj", "{8A7DA1BD-01D0-4AD7-B937-63B21829A248}"
EndProject
Project("{2150E333-8FDC-42A3-9474-1A3956D46DE8}") = "Week32", "Week32", "{FB7A627D-E8FA-48C2-81B2-D936C8F962F8}"
EndProject
Project("{FAE04EC0-301F-11D3-BF4B-00C04F79EFBC}") = "ArrayListPractice", "ConsoleApps\Week32\ArrayListPractice\ArrayListPractice.csproj", "{6DEE3F15-D53B-456D-BAB5-9169076E2A8E}"
EndProject
Project("{FAE04EC0-301F-11D3-BF4B-00C04F79EFBC}") = "StudentGradesManagement", "ConsoleApps\Week32\StudentGradesManagement\StudentGradesManagement.csproj", "{A91BA3C2-0660-4E12-ABA6-329FF28684D1}"
EndProject
Project("{FAE04EC0-301F-11D3-BF4B-00C04F79EFBC}") = "Collections.NoneGenericHashtable", "ConsoleApps\Week32\Collections.NoneGenericHashtable\Collections.NoneGenericHashtable.csproj", "{DB2A1F08-5692-4A85-B7A2-368712E9E003}"
EndProject
Project("{FAE04EC0-301F-11D3-BF4B-00C04F79EFBC}") = "Collections.NoneGenericStackClass", "ConsoleApps\Week32\Collections.NoneGenericStackClass\Collections.NoneGenericStackClass.csproj", "{72F7742E-3F5A-42C2-A047-99DBE066F8A6}"
EndProject
Project("{FAE04EC0-301F-11D3-BF4B-00C04F79EFBC}") = "ProductInventorySystem", "ConsoleApps\Week32\ProductInventorySystem\ProductInventorySystem.csproj", "{E0AE7FC1-70F4-4F4D-953C-0387FEF4C437}"
EndProject
Project("{FAE04EC0-301F-11D3-BF4B-00C04F79EFBC}") = "SimpleTextEditor", "ConsoleApps\Week32\SimpleTextEditor\SimpleTextEditor.csproj", "{9DCC62D0-3026-4942-B88C-8828C86EF6BE}"
EndProject
Project("{2150E333-8FDC-42A3-9474-1A3956D46DE8}") = "Week34", "Week34", "{F66DE935-34B8-4C26-A1A0-91A0061DDF91}"
EndProject
Project("{FAE04EC0-301F-11D3-BF4B-00C04F79EFBC}") = "PracticeHashtable", "ConsoleApps\Week34\PracticeHashtable\PracticeHashtable.csproj", "{CFDC8D9E-53FF-4759-A289-4C8869D74B16}"
EndProject
Project("{FAE04EC0-301F-11D3-BF4B-00C04F79EFBC}") = "PracticeHashtableCopyToMethod", "ConsoleApps\Week34\PracticeHashtableCopyToMethod\PracticeHashtableCopyToMethod.csproj", "{E5F567A4-592E-492F-87F9-D6BC6A106360}"
EndProject
Global
	GlobalSection(SolutionConfigurationPlatforms) = preSolution
		Debug|Any CPU = Debug|Any CPU
		Release|Any CPU = Release|Any CPU
	EndGlobalSection
	GlobalSection(ProjectConfigurationPlatforms) = postSolution
		{85E47408-FF31-4B3B-A1DA-C1738AC846BC}.Debug|Any CPU.ActiveCfg = Debug|Any CPU
		{85E47408-FF31-4B3B-A1DA-C1738AC846BC}.Debug|Any CPU.Build.0 = Debug|Any CPU
		{85E47408-FF31-4B3B-A1DA-C1738AC846BC}.Release|Any CPU.ActiveCfg = Release|Any CPU
		{85E47408-FF31-4B3B-A1DA-C1738AC846BC}.Release|Any CPU.Build.0 = Release|Any CPU
		{3D72B4EC-5976-479E-8DC8-D1C90977DC9A}.Debug|Any CPU.ActiveCfg = Debug|Any CPU
		{3D72B4EC-5976-479E-8DC8-D1C90977DC9A}.Debug|Any CPU.Build.0 = Debug|Any CPU
		{3D72B4EC-5976-479E-8DC8-D1C90977DC9A}.Release|Any CPU.ActiveCfg = Release|Any CPU
		{3D72B4EC-5976-479E-8DC8-D1C90977DC9A}.Release|Any CPU.Build.0 = Release|Any CPU
		{57F39917-D371-46FC-B088-ABACE59361CF}.Debug|Any CPU.ActiveCfg = Debug|Any CPU
		{57F39917-D371-46FC-B088-ABACE59361CF}.Debug|Any CPU.Build.0 = Debug|Any CPU
		{57F39917-D371-46FC-B088-ABACE59361CF}.Release|Any CPU.ActiveCfg = Release|Any CPU
		{57F39917-D371-46FC-B088-ABACE59361CF}.Release|Any CPU.Build.0 = Release|Any CPU
		{4136D54F-6408-4EBA-B5A6-F729A9E2B6A1}.Debug|Any CPU.ActiveCfg = Debug|Any CPU
		{4136D54F-6408-4EBA-B5A6-F729A9E2B6A1}.Debug|Any CPU.Build.0 = Debug|Any CPU
		{4136D54F-6408-4EBA-B5A6-F729A9E2B6A1}.Release|Any CPU.ActiveCfg = Release|Any CPU
		{4136D54F-6408-4EBA-B5A6-F729A9E2B6A1}.Release|Any CPU.Build.0 = Release|Any CPU
		{3AA7B109-024F-46A4-8B9E-968BF799F17B}.Debug|Any CPU.ActiveCfg = Debug|Any CPU
		{3AA7B109-024F-46A4-8B9E-968BF799F17B}.Debug|Any CPU.Build.0 = Debug|Any CPU
		{3AA7B109-024F-46A4-8B9E-968BF799F17B}.Release|Any CPU.ActiveCfg = Release|Any CPU
		{3AA7B109-024F-46A4-8B9E-968BF799F17B}.Release|Any CPU.Build.0 = Release|Any CPU
		{9C8B817C-0C9E-486B-87E4-15D075F1F7F4}.Debug|Any CPU.ActiveCfg = Debug|Any CPU
		{9C8B817C-0C9E-486B-87E4-15D075F1F7F4}.Debug|Any CPU.Build.0 = Debug|Any CPU
		{9C8B817C-0C9E-486B-87E4-15D075F1F7F4}.Release|Any CPU.ActiveCfg = Release|Any CPU
		{9C8B817C-0C9E-486B-87E4-15D075F1F7F4}.Release|Any CPU.Build.0 = Release|Any CPU
		{4DF0E379-A57C-4A3E-8533-73B578FE2DB2}.Debug|Any CPU.ActiveCfg = Debug|Any CPU
		{4DF0E379-A57C-4A3E-8533-73B578FE2DB2}.Debug|Any CPU.Build.0 = Debug|Any CPU
		{4DF0E379-A57C-4A3E-8533-73B578FE2DB2}.Release|Any CPU.ActiveCfg = Release|Any CPU
		{4DF0E379-A57C-4A3E-8533-73B578FE2DB2}.Release|Any CPU.Build.0 = Release|Any CPU
		{6ED6D05C-C45C-4519-A8C4-EF06BEC879CA}.Debug|Any CPU.ActiveCfg = Debug|Any CPU
		{6ED6D05C-C45C-4519-A8C4-EF06BEC879CA}.Debug|Any CPU.Build.0 = Debug|Any CPU
		{6ED6D05C-C45C-4519-A8C4-EF06BEC879CA}.Release|Any CPU.ActiveCfg = Release|Any CPU
		{6ED6D05C-C45C-4519-A8C4-EF06BEC879CA}.Release|Any CPU.Build.0 = Release|Any CPU
		{2CE2A07C-A68E-4C65-AE52-487201640EA7}.Debug|Any CPU.ActiveCfg = Debug|Any CPU
		{2CE2A07C-A68E-4C65-AE52-487201640EA7}.Debug|Any CPU.Build.0 = Debug|Any CPU
		{2CE2A07C-A68E-4C65-AE52-487201640EA7}.Release|Any CPU.ActiveCfg = Release|Any CPU
		{2CE2A07C-A68E-4C65-AE52-487201640EA7}.Release|Any CPU.Build.0 = Release|Any CPU
		{0222DC0D-55AD-4E57-B2DA-FD0C4D1F440A}.Debug|Any CPU.ActiveCfg = Debug|Any CPU
		{0222DC0D-55AD-4E57-B2DA-FD0C4D1F440A}.Debug|Any CPU.Build.0 = Debug|Any CPU
		{0222DC0D-55AD-4E57-B2DA-FD0C4D1F440A}.Release|Any CPU.ActiveCfg = Release|Any CPU
		{0222DC0D-55AD-4E57-B2DA-FD0C4D1F440A}.Release|Any CPU.Build.0 = Release|Any CPU
		{3B12A6B5-053A-438C-9A99-15559F91647B}.Debug|Any CPU.ActiveCfg = Debug|Any CPU
		{3B12A6B5-053A-438C-9A99-15559F91647B}.Debug|Any CPU.Build.0 = Debug|Any CPU
		{3B12A6B5-053A-438C-9A99-15559F91647B}.Release|Any CPU.ActiveCfg = Release|Any CPU
		{3B12A6B5-053A-438C-9A99-15559F91647B}.Release|Any CPU.Build.0 = Release|Any CPU
		{3B9C7556-C18F-417F-BFBD-3AB48C96CA90}.Debug|Any CPU.ActiveCfg = Debug|Any CPU
		{3B9C7556-C18F-417F-BFBD-3AB48C96CA90}.Debug|Any CPU.Build.0 = Debug|Any CPU
		{3B9C7556-C18F-417F-BFBD-3AB48C96CA90}.Release|Any CPU.ActiveCfg = Release|Any CPU
		{3B9C7556-C18F-417F-BFBD-3AB48C96CA90}.Release|Any CPU.Build.0 = Release|Any CPU
		{D0C424F3-3A45-4092-B8CD-27A970C28684}.Debug|Any CPU.ActiveCfg = Debug|Any CPU
		{D0C424F3-3A45-4092-B8CD-27A970C28684}.Debug|Any CPU.Build.0 = Debug|Any CPU
		{D0C424F3-3A45-4092-B8CD-27A970C28684}.Release|Any CPU.ActiveCfg = Release|Any CPU
		{D0C424F3-3A45-4092-B8CD-27A970C28684}.Release|Any CPU.Build.0 = Release|Any CPU
		{C3C64596-315D-45F0-AB20-E33879A1AC62}.Debug|Any CPU.ActiveCfg = Debug|Any CPU
		{C3C64596-315D-45F0-AB20-E33879A1AC62}.Debug|Any CPU.Build.0 = Debug|Any CPU
		{C3C64596-315D-45F0-AB20-E33879A1AC62}.Release|Any CPU.ActiveCfg = Release|Any CPU
		{C3C64596-315D-45F0-AB20-E33879A1AC62}.Release|Any CPU.Build.0 = Release|Any CPU
		{6587663F-429B-4F11-87F5-795AB5057F36}.Debug|Any CPU.ActiveCfg = Debug|Any CPU
		{6587663F-429B-4F11-87F5-795AB5057F36}.Debug|Any CPU.Build.0 = Debug|Any CPU
		{6587663F-429B-4F11-87F5-795AB5057F36}.Release|Any CPU.ActiveCfg = Release|Any CPU
		{6587663F-429B-4F11-87F5-795AB5057F36}.Release|Any CPU.Build.0 = Release|Any CPU
		{375259FA-AE6E-42F1-A982-2180DE6EB015}.Debug|Any CPU.ActiveCfg = Debug|Any CPU
		{375259FA-AE6E-42F1-A982-2180DE6EB015}.Debug|Any CPU.Build.0 = Debug|Any CPU
		{375259FA-AE6E-42F1-A982-2180DE6EB015}.Release|Any CPU.ActiveCfg = Release|Any CPU
		{375259FA-AE6E-42F1-A982-2180DE6EB015}.Release|Any CPU.Build.0 = Release|Any CPU
		{7642B5C5-DEC3-47E0-A72B-C45F55F7BEE7}.Debug|Any CPU.ActiveCfg = Debug|Any CPU
		{7642B5C5-DEC3-47E0-A72B-C45F55F7BEE7}.Debug|Any CPU.Build.0 = Debug|Any CPU
		{7642B5C5-DEC3-47E0-A72B-C45F55F7BEE7}.Release|Any CPU.ActiveCfg = Release|Any CPU
		{7642B5C5-DEC3-47E0-A72B-C45F55F7BEE7}.Release|Any CPU.Build.0 = Release|Any CPU
		{EA9A770F-77D5-4057-B316-F5E46ED44A0C}.Debug|Any CPU.ActiveCfg = Debug|Any CPU
		{EA9A770F-77D5-4057-B316-F5E46ED44A0C}.Debug|Any CPU.Build.0 = Debug|Any CPU
		{EA9A770F-77D5-4057-B316-F5E46ED44A0C}.Release|Any CPU.ActiveCfg = Release|Any CPU
		{EA9A770F-77D5-4057-B316-F5E46ED44A0C}.Release|Any CPU.Build.0 = Release|Any CPU
		{BB141ABD-69F5-464A-9147-204C467A4180}.Debug|Any CPU.ActiveCfg = Debug|Any CPU
		{BB141ABD-69F5-464A-9147-204C467A4180}.Debug|Any CPU.Build.0 = Debug|Any CPU
		{BB141ABD-69F5-464A-9147-204C467A4180}.Release|Any CPU.ActiveCfg = Release|Any CPU
		{BB141ABD-69F5-464A-9147-204C467A4180}.Release|Any CPU.Build.0 = Release|Any CPU
		{5FBC3955-5F7F-4808-AD01-2C0D030CE4FA}.Debug|Any CPU.ActiveCfg = Debug|Any CPU
		{5FBC3955-5F7F-4808-AD01-2C0D030CE4FA}.Debug|Any CPU.Build.0 = Debug|Any CPU
		{5FBC3955-5F7F-4808-AD01-2C0D030CE4FA}.Release|Any CPU.ActiveCfg = Release|Any CPU
		{5FBC3955-5F7F-4808-AD01-2C0D030CE4FA}.Release|Any CPU.Build.0 = Release|Any CPU
		{1A390707-347C-4EE0-BB81-ECDEC5F52526}.Debug|Any CPU.ActiveCfg = Debug|Any CPU
		{1A390707-347C-4EE0-BB81-ECDEC5F52526}.Debug|Any CPU.Build.0 = Debug|Any CPU
		{1A390707-347C-4EE0-BB81-ECDEC5F52526}.Release|Any CPU.ActiveCfg = Release|Any CPU
		{1A390707-347C-4EE0-BB81-ECDEC5F52526}.Release|Any CPU.Build.0 = Release|Any CPU
		{569632F5-22A6-4E88-95B5-289531059034}.Debug|Any CPU.ActiveCfg = Debug|Any CPU
		{569632F5-22A6-4E88-95B5-289531059034}.Debug|Any CPU.Build.0 = Debug|Any CPU
		{569632F5-22A6-4E88-95B5-289531059034}.Release|Any CPU.ActiveCfg = Release|Any CPU
		{569632F5-22A6-4E88-95B5-289531059034}.Release|Any CPU.Build.0 = Release|Any CPU
		{559B638F-A19D-46B6-9CCE-AB839792356D}.Debug|Any CPU.ActiveCfg = Debug|Any CPU
		{559B638F-A19D-46B6-9CCE-AB839792356D}.Debug|Any CPU.Build.0 = Debug|Any CPU
		{559B638F-A19D-46B6-9CCE-AB839792356D}.Release|Any CPU.ActiveCfg = Release|Any CPU
		{559B638F-A19D-46B6-9CCE-AB839792356D}.Release|Any CPU.Build.0 = Release|Any CPU
		{3A1014A4-A976-419D-9D23-D59A58DEEC3A}.Debug|Any CPU.ActiveCfg = Debug|Any CPU
		{3A1014A4-A976-419D-9D23-D59A58DEEC3A}.Debug|Any CPU.Build.0 = Debug|Any CPU
		{3A1014A4-A976-419D-9D23-D59A58DEEC3A}.Release|Any CPU.ActiveCfg = Release|Any CPU
		{3A1014A4-A976-419D-9D23-D59A58DEEC3A}.Release|Any CPU.Build.0 = Release|Any CPU
		{37DC60F1-D33C-4729-B6E1-BD041E477CA6}.Debug|Any CPU.ActiveCfg = Debug|Any CPU
		{37DC60F1-D33C-4729-B6E1-BD041E477CA6}.Debug|Any CPU.Build.0 = Debug|Any CPU
		{37DC60F1-D33C-4729-B6E1-BD041E477CA6}.Release|Any CPU.ActiveCfg = Release|Any CPU
		{37DC60F1-D33C-4729-B6E1-BD041E477CA6}.Release|Any CPU.Build.0 = Release|Any CPU
		{E302319B-9CDC-440E-8625-5856431E9A78}.Debug|Any CPU.ActiveCfg = Debug|Any CPU
		{E302319B-9CDC-440E-8625-5856431E9A78}.Debug|Any CPU.Build.0 = Debug|Any CPU
		{E302319B-9CDC-440E-8625-5856431E9A78}.Release|Any CPU.ActiveCfg = Release|Any CPU
		{E302319B-9CDC-440E-8625-5856431E9A78}.Release|Any CPU.Build.0 = Release|Any CPU
		{F57B62CC-31C5-478E-BA4B-F1E40E928CAE}.Debug|Any CPU.ActiveCfg = Debug|Any CPU
		{F57B62CC-31C5-478E-BA4B-F1E40E928CAE}.Debug|Any CPU.Build.0 = Debug|Any CPU
		{F57B62CC-31C5-478E-BA4B-F1E40E928CAE}.Release|Any CPU.ActiveCfg = Release|Any CPU
		{F57B62CC-31C5-478E-BA4B-F1E40E928CAE}.Release|Any CPU.Build.0 = Release|Any CPU
		{72DC79B0-8873-42EC-881F-F613508FD886}.Debug|Any CPU.ActiveCfg = Debug|Any CPU
		{72DC79B0-8873-42EC-881F-F613508FD886}.Debug|Any CPU.Build.0 = Debug|Any CPU
		{72DC79B0-8873-42EC-881F-F613508FD886}.Release|Any CPU.ActiveCfg = Release|Any CPU
		{72DC79B0-8873-42EC-881F-F613508FD886}.Release|Any CPU.Build.0 = Release|Any CPU
		{9172B9E5-DE24-4F14-8004-6D76600205BC}.Debug|Any CPU.ActiveCfg = Debug|Any CPU
		{9172B9E5-DE24-4F14-8004-6D76600205BC}.Debug|Any CPU.Build.0 = Debug|Any CPU
		{9172B9E5-DE24-4F14-8004-6D76600205BC}.Release|Any CPU.ActiveCfg = Release|Any CPU
		{9172B9E5-DE24-4F14-8004-6D76600205BC}.Release|Any CPU.Build.0 = Release|Any CPU
		{50281100-42A8-4437-9D74-9D65E2535BB7}.Debug|Any CPU.ActiveCfg = Debug|Any CPU
		{50281100-42A8-4437-9D74-9D65E2535BB7}.Debug|Any CPU.Build.0 = Debug|Any CPU
		{50281100-42A8-4437-9D74-9D65E2535BB7}.Release|Any CPU.ActiveCfg = Release|Any CPU
		{50281100-42A8-4437-9D74-9D65E2535BB7}.Release|Any CPU.Build.0 = Release|Any CPU
		{07591EE3-CD6D-408B-AA8B-E8D4C498D243}.Debug|Any CPU.ActiveCfg = Debug|Any CPU
		{07591EE3-CD6D-408B-AA8B-E8D4C498D243}.Debug|Any CPU.Build.0 = Debug|Any CPU
		{07591EE3-CD6D-408B-AA8B-E8D4C498D243}.Release|Any CPU.ActiveCfg = Release|Any CPU
		{07591EE3-CD6D-408B-AA8B-E8D4C498D243}.Release|Any CPU.Build.0 = Release|Any CPU
		{890D7EBC-20A7-4760-9116-5ED11E7B9B30}.Debug|Any CPU.ActiveCfg = Debug|Any CPU
		{890D7EBC-20A7-4760-9116-5ED11E7B9B30}.Debug|Any CPU.Build.0 = Debug|Any CPU
		{890D7EBC-20A7-4760-9116-5ED11E7B9B30}.Release|Any CPU.ActiveCfg = Release|Any CPU
		{890D7EBC-20A7-4760-9116-5ED11E7B9B30}.Release|Any CPU.Build.0 = Release|Any CPU
		{AE2A367F-9644-49C5-8700-E5F0FBE85321}.Debug|Any CPU.ActiveCfg = Debug|Any CPU
		{AE2A367F-9644-49C5-8700-E5F0FBE85321}.Debug|Any CPU.Build.0 = Debug|Any CPU
		{AE2A367F-9644-49C5-8700-E5F0FBE85321}.Release|Any CPU.ActiveCfg = Release|Any CPU
		{AE2A367F-9644-49C5-8700-E5F0FBE85321}.Release|Any CPU.Build.0 = Release|Any CPU
		{032799F1-7871-4E98-9765-03C855B93BFF}.Debug|Any CPU.ActiveCfg = Debug|Any CPU
		{032799F1-7871-4E98-9765-03C855B93BFF}.Debug|Any CPU.Build.0 = Debug|Any CPU
		{032799F1-7871-4E98-9765-03C855B93BFF}.Release|Any CPU.ActiveCfg = Release|Any CPU
		{032799F1-7871-4E98-9765-03C855B93BFF}.Release|Any CPU.Build.0 = Release|Any CPU
		{1ED17521-68F0-4566-9D39-0696583C24FE}.Debug|Any CPU.ActiveCfg = Debug|Any CPU
		{1ED17521-68F0-4566-9D39-0696583C24FE}.Debug|Any CPU.Build.0 = Debug|Any CPU
		{1ED17521-68F0-4566-9D39-0696583C24FE}.Release|Any CPU.ActiveCfg = Release|Any CPU
		{1ED17521-68F0-4566-9D39-0696583C24FE}.Release|Any CPU.Build.0 = Release|Any CPU
		{32421FDE-742C-48A6-A418-6D93B230CD0D}.Debug|Any CPU.ActiveCfg = Debug|Any CPU
		{32421FDE-742C-48A6-A418-6D93B230CD0D}.Debug|Any CPU.Build.0 = Debug|Any CPU
		{32421FDE-742C-48A6-A418-6D93B230CD0D}.Release|Any CPU.ActiveCfg = Release|Any CPU
		{32421FDE-742C-48A6-A418-6D93B230CD0D}.Release|Any CPU.Build.0 = Release|Any CPU
		{4D651436-BBB8-4B60-9897-F7FEFD242E88}.Debug|Any CPU.ActiveCfg = Debug|Any CPU
		{4D651436-BBB8-4B60-9897-F7FEFD242E88}.Debug|Any CPU.Build.0 = Debug|Any CPU
		{4D651436-BBB8-4B60-9897-F7FEFD242E88}.Release|Any CPU.ActiveCfg = Release|Any CPU
		{4D651436-BBB8-4B60-9897-F7FEFD242E88}.Release|Any CPU.Build.0 = Release|Any CPU
		{FDA429C3-1A8A-4BEA-BFEB-27ED41A162F6}.Debug|Any CPU.ActiveCfg = Debug|Any CPU
		{FDA429C3-1A8A-4BEA-BFEB-27ED41A162F6}.Debug|Any CPU.Build.0 = Debug|Any CPU
		{FDA429C3-1A8A-4BEA-BFEB-27ED41A162F6}.Release|Any CPU.ActiveCfg = Release|Any CPU
		{FDA429C3-1A8A-4BEA-BFEB-27ED41A162F6}.Release|Any CPU.Build.0 = Release|Any CPU
		{A271958E-5D6F-4A5A-BD38-6DEE7A3629B8}.Debug|Any CPU.ActiveCfg = Debug|Any CPU
		{A271958E-5D6F-4A5A-BD38-6DEE7A3629B8}.Debug|Any CPU.Build.0 = Debug|Any CPU
		{A271958E-5D6F-4A5A-BD38-6DEE7A3629B8}.Release|Any CPU.ActiveCfg = Release|Any CPU
		{A271958E-5D6F-4A5A-BD38-6DEE7A3629B8}.Release|Any CPU.Build.0 = Release|Any CPU
		{8CBBC153-1ADC-469E-A598-19D674C845C0}.Debug|Any CPU.ActiveCfg = Debug|Any CPU
		{8CBBC153-1ADC-469E-A598-19D674C845C0}.Debug|Any CPU.Build.0 = Debug|Any CPU
		{8CBBC153-1ADC-469E-A598-19D674C845C0}.Release|Any CPU.ActiveCfg = Release|Any CPU
		{8CBBC153-1ADC-469E-A598-19D674C845C0}.Release|Any CPU.Build.0 = Release|Any CPU
		{0AA3EDE2-97D5-4F96-9AA4-B355FBA18FEF}.Debug|Any CPU.ActiveCfg = Debug|Any CPU
		{0AA3EDE2-97D5-4F96-9AA4-B355FBA18FEF}.Debug|Any CPU.Build.0 = Debug|Any CPU
		{0AA3EDE2-97D5-4F96-9AA4-B355FBA18FEF}.Release|Any CPU.ActiveCfg = Release|Any CPU
		{0AA3EDE2-97D5-4F96-9AA4-B355FBA18FEF}.Release|Any CPU.Build.0 = Release|Any CPU
		{FF252CEA-4D36-4E22-8F4B-3835A9D4EEF3}.Debug|Any CPU.ActiveCfg = Debug|Any CPU
		{FF252CEA-4D36-4E22-8F4B-3835A9D4EEF3}.Debug|Any CPU.Build.0 = Debug|Any CPU
		{FF252CEA-4D36-4E22-8F4B-3835A9D4EEF3}.Release|Any CPU.ActiveCfg = Release|Any CPU
		{FF252CEA-4D36-4E22-8F4B-3835A9D4EEF3}.Release|Any CPU.Build.0 = Release|Any CPU
		{EB60C735-A91A-4E42-ACA1-E8E937A0F63D}.Debug|Any CPU.ActiveCfg = Debug|Any CPU
		{EB60C735-A91A-4E42-ACA1-E8E937A0F63D}.Debug|Any CPU.Build.0 = Debug|Any CPU
		{EB60C735-A91A-4E42-ACA1-E8E937A0F63D}.Release|Any CPU.ActiveCfg = Release|Any CPU
		{EB60C735-A91A-4E42-ACA1-E8E937A0F63D}.Release|Any CPU.Build.0 = Release|Any CPU
		{8974F6FF-FA1D-4A36-BE55-D26EF28231D8}.Debug|Any CPU.ActiveCfg = Debug|Any CPU
		{8974F6FF-FA1D-4A36-BE55-D26EF28231D8}.Debug|Any CPU.Build.0 = Debug|Any CPU
		{8974F6FF-FA1D-4A36-BE55-D26EF28231D8}.Release|Any CPU.ActiveCfg = Release|Any CPU
		{8974F6FF-FA1D-4A36-BE55-D26EF28231D8}.Release|Any CPU.Build.0 = Release|Any CPU
		{CF11A3E7-3516-4F42-B4E8-131305699EBC}.Debug|Any CPU.ActiveCfg = Debug|Any CPU
		{CF11A3E7-3516-4F42-B4E8-131305699EBC}.Debug|Any CPU.Build.0 = Debug|Any CPU
		{CF11A3E7-3516-4F42-B4E8-131305699EBC}.Release|Any CPU.ActiveCfg = Release|Any CPU
		{CF11A3E7-3516-4F42-B4E8-131305699EBC}.Release|Any CPU.Build.0 = Release|Any CPU
		{4B8B1810-1F71-4711-BCD2-E2FD3316AB9A}.Debug|Any CPU.ActiveCfg = Debug|Any CPU
		{4B8B1810-1F71-4711-BCD2-E2FD3316AB9A}.Debug|Any CPU.Build.0 = Debug|Any CPU
		{4B8B1810-1F71-4711-BCD2-E2FD3316AB9A}.Release|Any CPU.ActiveCfg = Release|Any CPU
		{4B8B1810-1F71-4711-BCD2-E2FD3316AB9A}.Release|Any CPU.Build.0 = Release|Any CPU
		{3392D07A-2645-4AF8-8E1C-CC4E1B638E97}.Debug|Any CPU.ActiveCfg = Debug|Any CPU
		{3392D07A-2645-4AF8-8E1C-CC4E1B638E97}.Debug|Any CPU.Build.0 = Debug|Any CPU
		{3392D07A-2645-4AF8-8E1C-CC4E1B638E97}.Release|Any CPU.ActiveCfg = Release|Any CPU
		{3392D07A-2645-4AF8-8E1C-CC4E1B638E97}.Release|Any CPU.Build.0 = Release|Any CPU
		{1A5E3940-2E92-4DE6-AAF2-D5B5B6615C28}.Debug|Any CPU.ActiveCfg = Debug|Any CPU
		{1A5E3940-2E92-4DE6-AAF2-D5B5B6615C28}.Debug|Any CPU.Build.0 = Debug|Any CPU
		{1A5E3940-2E92-4DE6-AAF2-D5B5B6615C28}.Release|Any CPU.ActiveCfg = Release|Any CPU
		{1A5E3940-2E92-4DE6-AAF2-D5B5B6615C28}.Release|Any CPU.Build.0 = Release|Any CPU
		{D7392AF7-12A5-4CB3-9FFB-330BD7811B7A}.Debug|Any CPU.ActiveCfg = Debug|Any CPU
		{D7392AF7-12A5-4CB3-9FFB-330BD7811B7A}.Debug|Any CPU.Build.0 = Debug|Any CPU
		{D7392AF7-12A5-4CB3-9FFB-330BD7811B7A}.Release|Any CPU.ActiveCfg = Release|Any CPU
		{D7392AF7-12A5-4CB3-9FFB-330BD7811B7A}.Release|Any CPU.Build.0 = Release|Any CPU
		{B796B1A9-96FD-41F8-B5FD-97B85FD1C0CB}.Debug|Any CPU.ActiveCfg = Debug|Any CPU
		{B796B1A9-96FD-41F8-B5FD-97B85FD1C0CB}.Debug|Any CPU.Build.0 = Debug|Any CPU
		{B796B1A9-96FD-41F8-B5FD-97B85FD1C0CB}.Release|Any CPU.ActiveCfg = Release|Any CPU
		{B796B1A9-96FD-41F8-B5FD-97B85FD1C0CB}.Release|Any CPU.Build.0 = Release|Any CPU
		{8A7DA1BD-01D0-4AD7-B937-63B21829A248}.Debug|Any CPU.ActiveCfg = Debug|Any CPU
		{8A7DA1BD-01D0-4AD7-B937-63B21829A248}.Debug|Any CPU.Build.0 = Debug|Any CPU
		{8A7DA1BD-01D0-4AD7-B937-63B21829A248}.Release|Any CPU.ActiveCfg = Release|Any CPU
		{8A7DA1BD-01D0-4AD7-B937-63B21829A248}.Release|Any CPU.Build.0 = Release|Any CPU
		{6DEE3F15-D53B-456D-BAB5-9169076E2A8E}.Debug|Any CPU.ActiveCfg = Debug|Any CPU
		{6DEE3F15-D53B-456D-BAB5-9169076E2A8E}.Debug|Any CPU.Build.0 = Debug|Any CPU
		{6DEE3F15-D53B-456D-BAB5-9169076E2A8E}.Release|Any CPU.ActiveCfg = Release|Any CPU
		{6DEE3F15-D53B-456D-BAB5-9169076E2A8E}.Release|Any CPU.Build.0 = Release|Any CPU
		{A91BA3C2-0660-4E12-ABA6-329FF28684D1}.Debug|Any CPU.ActiveCfg = Debug|Any CPU
		{A91BA3C2-0660-4E12-ABA6-329FF28684D1}.Debug|Any CPU.Build.0 = Debug|Any CPU
		{A91BA3C2-0660-4E12-ABA6-329FF28684D1}.Release|Any CPU.ActiveCfg = Release|Any CPU
		{A91BA3C2-0660-4E12-ABA6-329FF28684D1}.Release|Any CPU.Build.0 = Release|Any CPU
		{DB2A1F08-5692-4A85-B7A2-368712E9E003}.Debug|Any CPU.ActiveCfg = Debug|Any CPU
		{DB2A1F08-5692-4A85-B7A2-368712E9E003}.Debug|Any CPU.Build.0 = Debug|Any CPU
		{DB2A1F08-5692-4A85-B7A2-368712E9E003}.Release|Any CPU.ActiveCfg = Release|Any CPU
		{DB2A1F08-5692-4A85-B7A2-368712E9E003}.Release|Any CPU.Build.0 = Release|Any CPU
		{72F7742E-3F5A-42C2-A047-99DBE066F8A6}.Debug|Any CPU.ActiveCfg = Debug|Any CPU
		{72F7742E-3F5A-42C2-A047-99DBE066F8A6}.Debug|Any CPU.Build.0 = Debug|Any CPU
		{72F7742E-3F5A-42C2-A047-99DBE066F8A6}.Release|Any CPU.ActiveCfg = Release|Any CPU
		{72F7742E-3F5A-42C2-A047-99DBE066F8A6}.Release|Any CPU.Build.0 = Release|Any CPU
		{E0AE7FC1-70F4-4F4D-953C-0387FEF4C437}.Debug|Any CPU.ActiveCfg = Debug|Any CPU
		{E0AE7FC1-70F4-4F4D-953C-0387FEF4C437}.Debug|Any CPU.Build.0 = Debug|Any CPU
		{E0AE7FC1-70F4-4F4D-953C-0387FEF4C437}.Release|Any CPU.ActiveCfg = Release|Any CPU
		{E0AE7FC1-70F4-4F4D-953C-0387FEF4C437}.Release|Any CPU.Build.0 = Release|Any CPU
		{9DCC62D0-3026-4942-B88C-8828C86EF6BE}.Debug|Any CPU.ActiveCfg = Debug|Any CPU
		{9DCC62D0-3026-4942-B88C-8828C86EF6BE}.Debug|Any CPU.Build.0 = Debug|Any CPU
		{9DCC62D0-3026-4942-B88C-8828C86EF6BE}.Release|Any CPU.ActiveCfg = Release|Any CPU
		{9DCC62D0-3026-4942-B88C-8828C86EF6BE}.Release|Any CPU.Build.0 = Release|Any CPU
		{CFDC8D9E-53FF-4759-A289-4C8869D74B16}.Debug|Any CPU.ActiveCfg = Debug|Any CPU
		{CFDC8D9E-53FF-4759-A289-4C8869D74B16}.Debug|Any CPU.Build.0 = Debug|Any CPU
		{CFDC8D9E-53FF-4759-A289-4C8869D74B16}.Release|Any CPU.ActiveCfg = Release|Any CPU
		{CFDC8D9E-53FF-4759-A289-4C8869D74B16}.Release|Any CPU.Build.0 = Release|Any CPU
		{E5F567A4-592E-492F-87F9-D6BC6A106360}.Debug|Any CPU.ActiveCfg = Debug|Any CPU
		{E5F567A4-592E-492F-87F9-D6BC6A106360}.Debug|Any CPU.Build.0 = Debug|Any CPU
		{E5F567A4-592E-492F-87F9-D6BC6A106360}.Release|Any CPU.ActiveCfg = Release|Any CPU
		{E5F567A4-592E-492F-87F9-D6BC6A106360}.Release|Any CPU.Build.0 = Release|Any CPU
	EndGlobalSection
	GlobalSection(SolutionProperties) = preSolution
		HideSolutionNode = FALSE
	EndGlobalSection
	GlobalSection(NestedProjects) = preSolution
		{CB9E6BD4-B7E6-4718-B29B-3E8FB034F84F} = {219F0EF2-26B5-42B8-8B87-9DBDBF2E5E12}
		{85E47408-FF31-4B3B-A1DA-C1738AC846BC} = {CB9E6BD4-B7E6-4718-B29B-3E8FB034F84F}
		{3D72B4EC-5976-479E-8DC8-D1C90977DC9A} = {CB9E6BD4-B7E6-4718-B29B-3E8FB034F84F}
		{B6FEF63E-9F38-4EDC-AA0C-05DEB260DEE5} = {219F0EF2-26B5-42B8-8B87-9DBDBF2E5E12}
		{57F39917-D371-46FC-B088-ABACE59361CF} = {B6FEF63E-9F38-4EDC-AA0C-05DEB260DEE5}
		{4136D54F-6408-4EBA-B5A6-F729A9E2B6A1} = {B6FEF63E-9F38-4EDC-AA0C-05DEB260DEE5}
		{20B3C8FA-2091-417D-AB11-685D0ED73794} = {219F0EF2-26B5-42B8-8B87-9DBDBF2E5E12}
		{3AA7B109-024F-46A4-8B9E-968BF799F17B} = {20B3C8FA-2091-417D-AB11-685D0ED73794}
		{72827747-6BE1-49B8-ABB5-07DA02AE5DC9} = {219F0EF2-26B5-42B8-8B87-9DBDBF2E5E12}
		{9C8B817C-0C9E-486B-87E4-15D075F1F7F4} = {72827747-6BE1-49B8-ABB5-07DA02AE5DC9}
		{4DF0E379-A57C-4A3E-8533-73B578FE2DB2} = {72827747-6BE1-49B8-ABB5-07DA02AE5DC9}
		{6ED6D05C-C45C-4519-A8C4-EF06BEC879CA} = {72827747-6BE1-49B8-ABB5-07DA02AE5DC9}
		{2CE2A07C-A68E-4C65-AE52-487201640EA7} = {72827747-6BE1-49B8-ABB5-07DA02AE5DC9}
		{A85888B7-FC1F-469B-AC3A-D63ACD342183} = {219F0EF2-26B5-42B8-8B87-9DBDBF2E5E12}
		{0222DC0D-55AD-4E57-B2DA-FD0C4D1F440A} = {A85888B7-FC1F-469B-AC3A-D63ACD342183}
		{3B12A6B5-053A-438C-9A99-15559F91647B} = {A85888B7-FC1F-469B-AC3A-D63ACD342183}
		{D2DD324F-2393-4635-8401-4FD4357DA33C} = {219F0EF2-26B5-42B8-8B87-9DBDBF2E5E12}
		{3B9C7556-C18F-417F-BFBD-3AB48C96CA90} = {D2DD324F-2393-4635-8401-4FD4357DA33C}
		{D0C424F3-3A45-4092-B8CD-27A970C28684} = {D2DD324F-2393-4635-8401-4FD4357DA33C}
		{BFFB1D06-07C4-4677-B12B-C848F3CD6556} = {219F0EF2-26B5-42B8-8B87-9DBDBF2E5E12}
		{C3C64596-315D-45F0-AB20-E33879A1AC62} = {BFFB1D06-07C4-4677-B12B-C848F3CD6556}
		{B0C87CE1-BB03-4C17-AE23-03933366443B} = {219F0EF2-26B5-42B8-8B87-9DBDBF2E5E12}
		{6587663F-429B-4F11-87F5-795AB5057F36} = {B0C87CE1-BB03-4C17-AE23-03933366443B}
		{B85EC3C4-1815-4197-9035-14D258BE2613} = {219F0EF2-26B5-42B8-8B87-9DBDBF2E5E12}
		{375259FA-AE6E-42F1-A982-2180DE6EB015} = {B85EC3C4-1815-4197-9035-14D258BE2613}
		{7642B5C5-DEC3-47E0-A72B-C45F55F7BEE7} = {B85EC3C4-1815-4197-9035-14D258BE2613}
		{EA9A770F-77D5-4057-B316-F5E46ED44A0C} = {B85EC3C4-1815-4197-9035-14D258BE2613}
		{BB141ABD-69F5-464A-9147-204C467A4180} = {B85EC3C4-1815-4197-9035-14D258BE2613}
		{5FBC3955-5F7F-4808-AD01-2C0D030CE4FA} = {B85EC3C4-1815-4197-9035-14D258BE2613}
		{A2E6D062-EDED-4B8E-8421-7D0DE990EDA0} = {219F0EF2-26B5-42B8-8B87-9DBDBF2E5E12}
		{1A390707-347C-4EE0-BB81-ECDEC5F52526} = {A2E6D062-EDED-4B8E-8421-7D0DE990EDA0}
		{569632F5-22A6-4E88-95B5-289531059034} = {A2E6D062-EDED-4B8E-8421-7D0DE990EDA0}
		{F97043A4-BBAE-48DA-93D5-9EBFC87AF52A} = {219F0EF2-26B5-42B8-8B87-9DBDBF2E5E12}
		{559B638F-A19D-46B6-9CCE-AB839792356D} = {F97043A4-BBAE-48DA-93D5-9EBFC87AF52A}
		{D50CBFA0-937D-4642-B25A-D7773D764A02} = {219F0EF2-26B5-42B8-8B87-9DBDBF2E5E12}
		{3A1014A4-A976-419D-9D23-D59A58DEEC3A} = {D50CBFA0-937D-4642-B25A-D7773D764A02}
		{4E540E48-F8E9-4DF1-8E1E-5403CB57AD8F} = {219F0EF2-26B5-42B8-8B87-9DBDBF2E5E12}
		{37DC60F1-D33C-4729-B6E1-BD041E477CA6} = {4E540E48-F8E9-4DF1-8E1E-5403CB57AD8F}
		{E302319B-9CDC-440E-8625-5856431E9A78} = {4E540E48-F8E9-4DF1-8E1E-5403CB57AD8F}
		{F59E7000-F6E5-434F-9273-250B8917F80A} = {219F0EF2-26B5-42B8-8B87-9DBDBF2E5E12}
		{F57B62CC-31C5-478E-BA4B-F1E40E928CAE} = {F59E7000-F6E5-434F-9273-250B8917F80A}
		{403E18BF-039A-43C8-91B9-8FFB1F13D3EF} = {219F0EF2-26B5-42B8-8B87-9DBDBF2E5E12}
		{72DC79B0-8873-42EC-881F-F613508FD886} = {F59E7000-F6E5-434F-9273-250B8917F80A}
		{D0F33ED6-5F3C-4768-9014-0315AB1BD163} = {219F0EF2-26B5-42B8-8B87-9DBDBF2E5E12}
		{9172B9E5-DE24-4F14-8004-6D76600205BC} = {D0F33ED6-5F3C-4768-9014-0315AB1BD163}
		{50281100-42A8-4437-9D74-9D65E2535BB7} = {D0F33ED6-5F3C-4768-9014-0315AB1BD163}
		{07591EE3-CD6D-408B-AA8B-E8D4C498D243} = {D0F33ED6-5F3C-4768-9014-0315AB1BD163}
		{A530BB50-FF93-47F6-BAAD-BCFC5F49052B} = {219F0EF2-26B5-42B8-8B87-9DBDBF2E5E12}
		{890D7EBC-20A7-4760-9116-5ED11E7B9B30} = {A530BB50-FF93-47F6-BAAD-BCFC5F49052B}
		{AE2A367F-9644-49C5-8700-E5F0FBE85321} = {A530BB50-FF93-47F6-BAAD-BCFC5F49052B}
		{032799F1-7871-4E98-9765-03C855B93BFF} = {A530BB50-FF93-47F6-BAAD-BCFC5F49052B}
		{1ED17521-68F0-4566-9D39-0696583C24FE} = {A530BB50-FF93-47F6-BAAD-BCFC5F49052B}
		{32421FDE-742C-48A6-A418-6D93B230CD0D} = {A530BB50-FF93-47F6-BAAD-BCFC5F49052B}
		{4D651436-BBB8-4B60-9897-F7FEFD242E88} = {A530BB50-FF93-47F6-BAAD-BCFC5F49052B}
		{FDA429C3-1A8A-4BEA-BFEB-27ED41A162F6} = {A530BB50-FF93-47F6-BAAD-BCFC5F49052B}
		{A271958E-5D6F-4A5A-BD38-6DEE7A3629B8} = {A530BB50-FF93-47F6-BAAD-BCFC5F49052B}
		{FD47DA98-F114-4ABC-A6A3-6D82450F8CB4} = {219F0EF2-26B5-42B8-8B87-9DBDBF2E5E12}
		{8CBBC153-1ADC-469E-A598-19D674C845C0} = {FD47DA98-F114-4ABC-A6A3-6D82450F8CB4}
		{0AA3EDE2-97D5-4F96-9AA4-B355FBA18FEF} = {FD47DA98-F114-4ABC-A6A3-6D82450F8CB4}
		{FF252CEA-4D36-4E22-8F4B-3835A9D4EEF3} = {FD47DA98-F114-4ABC-A6A3-6D82450F8CB4}
		{EB60C735-A91A-4E42-ACA1-E8E937A0F63D} = {403E18BF-039A-43C8-91B9-8FFB1F13D3EF}
		{8974F6FF-FA1D-4A36-BE55-D26EF28231D8} = {403E18BF-039A-43C8-91B9-8FFB1F13D3EF}
		{8DF4C7D0-BE75-4C6D-9F66-0E1D76E5BB8F} = {219F0EF2-26B5-42B8-8B87-9DBDBF2E5E12}
		{CF11A3E7-3516-4F42-B4E8-131305699EBC} = {8DF4C7D0-BE75-4C6D-9F66-0E1D76E5BB8F}
		{4B8B1810-1F71-4711-BCD2-E2FD3316AB9A} = {8DF4C7D0-BE75-4C6D-9F66-0E1D76E5BB8F}
		{3392D07A-2645-4AF8-8E1C-CC4E1B638E97} = {8DF4C7D0-BE75-4C6D-9F66-0E1D76E5BB8F}
		{1A5E3940-2E92-4DE6-AAF2-D5B5B6615C28} = {8DF4C7D0-BE75-4C6D-9F66-0E1D76E5BB8F}
		{84C6A627-A870-4C28-9837-86255B50F4D9} = {219F0EF2-26B5-42B8-8B87-9DBDBF2E5E12}
		{D7392AF7-12A5-4CB3-9FFB-330BD7811B7A} = {84C6A627-A870-4C28-9837-86255B50F4D9}
		{B796B1A9-96FD-41F8-B5FD-97B85FD1C0CB} = {84C6A627-A870-4C28-9837-86255B50F4D9}
		{8A7DA1BD-01D0-4AD7-B937-63B21829A248} = {84C6A627-A870-4C28-9837-86255B50F4D9}
		{FB7A627D-E8FA-48C2-81B2-D936C8F962F8} = {219F0EF2-26B5-42B8-8B87-9DBDBF2E5E12}
		{6DEE3F15-D53B-456D-BAB5-9169076E2A8E} = {FB7A627D-E8FA-48C2-81B2-D936C8F962F8}
		{A91BA3C2-0660-4E12-ABA6-329FF28684D1} = {FB7A627D-E8FA-48C2-81B2-D936C8F962F8}
		{DB2A1F08-5692-4A85-B7A2-368712E9E003} = {FB7A627D-E8FA-48C2-81B2-D936C8F962F8}
		{72F7742E-3F5A-42C2-A047-99DBE066F8A6} = {FB7A627D-E8FA-48C2-81B2-D936C8F962F8}
		{E0AE7FC1-70F4-4F4D-953C-0387FEF4C437} = {FB7A627D-E8FA-48C2-81B2-D936C8F962F8}
		{9DCC62D0-3026-4942-B88C-8828C86EF6BE} = {FB7A627D-E8FA-48C2-81B2-D936C8F962F8}
		{F66DE935-34B8-4C26-A1A0-91A0061DDF91} = {219F0EF2-26B5-42B8-8B87-9DBDBF2E5E12}
		{CFDC8D9E-53FF-4759-A289-4C8869D74B16} = {F66DE935-34B8-4C26-A1A0-91A0061DDF91}
		{E5F567A4-592E-492F-87F9-D6BC6A106360} = {F66DE935-34B8-4C26-A1A0-91A0061DDF91}
	EndGlobalSection
	GlobalSection(ExtensibilityGlobals) = postSolution
		SolutionGuid = {71961D5B-E66A-401B-8F49-DB893FFD4DE5}
	EndGlobalSection
EndGlobal
