
Microsoft Visual Studio Solution File, Format Version 12.00
# Visual Studio Version 17
VisualStudioVersion = 17.0.31903.59
MinimumVisualStudioVersion = 10.0.40219.1
Project("{2150E333-8FDC-42A3-9474-1A3956D46DE8}") = "ConsoleApps", "ConsoleApps", "{219F0EF2-26B5-42B8-8B87-9DBDBF2E5E12}"
EndProject
Project("{2150E333-8FDC-42A3-9474-1A3956D46DE8}") = "Week5", "Week5", "{CB9E6BD4-B7E6-4718-B29B-3E8FB034F84F}"
EndProject
Project("{9A19103F-16F7-4668-BE54-9A1E7A4F7556}") = "DataTypes.ValueTypes", "ConsoleApps\Week5\DataTypes.ValueTypes\DataTypes.ValueTypes.csproj", "{85E47408-FF31-4B3B-A1DA-C1738AC846BC}"
EndProject
Project("{9A19103F-16F7-4668-BE54-9A1E7A4F7556}") = "Week5.Homeworks", "ConsoleApps\Week5\Week5.Homeworks\Week5.Homeworks.csproj", "{3D72B4EC-5976-479E-8DC8-D1C90977DC9A}"
EndProject
Project("{2150E333-8FDC-42A3-9474-1A3956D46DE8}") = "Week6", "Week6", "{B6FEF63E-9F38-4EDC-AA0C-05DEB260DEE5}"
EndProject
Project("{9A19103F-16F7-4668-BE54-9A1E7A4F7556}") = "DataTypes.Castings", "ConsoleApps\Week6\DataTypes.Castings\DataTypes.Castings.csproj", "{57F39917-D371-46FC-B088-ABACE59361CF}"
EndProject
Project("{9A19103F-16F7-4668-BE54-9A1E7A4F7556}") = "User.Input", "ConsoleApps\Week6\User.Input\User.Input.csproj", "{4136D54F-6408-4EBA-B5A6-F729A9E2B6A1}"
EndProject
Project("{2150E333-8FDC-42A3-9474-1A3956D46DE8}") = "Week7", "Week7", "{20B3C8FA-2091-417D-AB11-685D0ED73794}"
EndProject
Project("{9A19103F-16F7-4668-BE54-9A1E7A4F7556}") = "Week7.Day01.Practice", "ConsoleApps\Week7\Week7.Day01.Practice\Week7.Day01.Practice.csproj", "{3AA7B109-024F-46A4-8B9E-968BF799F17B}"
EndProject
Project("{2150E333-8FDC-42A3-9474-1A3956D46DE8}") = "Week8", "Week8", "{72827747-6BE1-49B8-ABB5-07DA02AE5DC9}"
EndProject
Project("{9A19103F-16F7-4668-BE54-9A1E7A4F7556}") = "Practice", "ConsoleApps\Week8\Practice\Practice.csproj", "{9C8B817C-0C9E-486B-87E4-15D075F1F7F4}"
EndProject
Project("{9A19103F-16F7-4668-BE54-9A1E7A4F7556}") = "Strings", "ConsoleApps\Week8\Strings\Strings.csproj", "{4DF0E379-A57C-4A3E-8533-73B578FE2DB2}"
EndProject
Project("{9A19103F-16F7-4668-BE54-9A1E7A4F7556}") = "If.Else", "ConsoleApps\Week8\If.Else\If.Else.csproj", "{6ED6D05C-C45C-4519-A8C4-EF06BEC879CA}"
EndProject
Project("{9A19103F-16F7-4668-BE54-9A1E7A4F7556}") = "Swiitch.Case", "ConsoleApps\Week8\Swiitch.Case\Swiitch.Case.csproj", "{2CE2A07C-A68E-4C65-AE52-487201640EA7}"
EndProject
Project("{2150E333-8FDC-42A3-9474-1A3956D46DE8}") = "Week10", "Week10", "{A85888B7-FC1F-469B-AC3A-D63ACD342183}"
EndProject
Project("{9A19103F-16F7-4668-BE54-9A1E7A4F7556}") = "Loop", "ConsoleApps\Week10\Loop\Loop.csproj", "{0222DC0D-55AD-4E57-B2DA-FD0C4D1F440A}"
EndProject
Project("{9A19103F-16F7-4668-BE54-9A1E7A4F7556}") = "Quiz.Game", "ConsoleApps\Week10\Quiz.Game\Quiz.Game.csproj", "{3B12A6B5-053A-438C-9A99-15559F91647B}"
EndProject
Project("{2150E333-8FDC-42A3-9474-1A3956D46DE8}") = "Week12", "Week12", "{D2DD324F-2393-4635-8401-4FD4357DA33C}"
EndProject
Project("{FAE04EC0-301F-11D3-BF4B-00C04F79EFBC}") = "Arrays", "ConsoleApps\Week12\Arrays\Arrays.csproj", "{3B9C7556-C18F-417F-BFBD-3AB48C96CA90}"
EndProject
Project("{FAE04EC0-301F-11D3-BF4B-00C04F79EFBC}") = "Method", "ConsoleApps\Week12\Method\Method.csproj", "{D0C424F3-3A45-4092-B8CD-27A970C28684}"
EndProject
Project("{2150E333-8FDC-42A3-9474-1A3956D46DE8}") = "Week11", "Week11", "{BFFB1D06-07C4-4677-B12B-C848F3CD6556}"
EndProject
Project("{FAE04EC0-301F-11D3-BF4B-00C04F79EFBC}") = "ATM", "ConsoleApps\Week11\ATM\ATM.csproj", "{C3C64596-315D-45F0-AB20-E33879A1AC62}"
EndProject
Global
	GlobalSection(SolutionConfigurationPlatforms) = preSolution
		Debug|Any CPU = Debug|Any CPU
		Release|Any CPU = Release|Any CPU
	EndGlobalSection
	GlobalSection(ProjectConfigurationPlatforms) = postSolution
		{85E47408-FF31-4B3B-A1DA-C1738AC846BC}.Debug|Any CPU.ActiveCfg = Debug|Any CPU
		{85E47408-FF31-4B3B-A1DA-C1738AC846BC}.Debug|Any CPU.Build.0 = Debug|Any CPU
		{85E47408-FF31-4B3B-A1DA-C1738AC846BC}.Release|Any CPU.ActiveCfg = Release|Any CPU
		{85E47408-FF31-4B3B-A1DA-C1738AC846BC}.Release|Any CPU.Build.0 = Release|Any CPU
		{3D72B4EC-5976-479E-8DC8-D1C90977DC9A}.Debug|Any CPU.ActiveCfg = Debug|Any CPU
		{3D72B4EC-5976-479E-8DC8-D1C90977DC9A}.Debug|Any CPU.Build.0 = Debug|Any CPU
		{3D72B4EC-5976-479E-8DC8-D1C90977DC9A}.Release|Any CPU.ActiveCfg = Release|Any CPU
		{3D72B4EC-5976-479E-8DC8-D1C90977DC9A}.Release|Any CPU.Build.0 = Release|Any CPU
		{57F39917-D371-46FC-B088-ABACE59361CF}.Debug|Any CPU.ActiveCfg = Debug|Any CPU
		{57F39917-D371-46FC-B088-ABACE59361CF}.Debug|Any CPU.Build.0 = Debug|Any CPU
		{57F39917-D371-46FC-B088-ABACE59361CF}.Release|Any CPU.ActiveCfg = Release|Any CPU
		{57F39917-D371-46FC-B088-ABACE59361CF}.Release|Any CPU.Build.0 = Release|Any CPU
		{4136D54F-6408-4EBA-B5A6-F729A9E2B6A1}.Debug|Any CPU.ActiveCfg = Debug|Any CPU
		{4136D54F-6408-4EBA-B5A6-F729A9E2B6A1}.Debug|Any CPU.Build.0 = Debug|Any CPU
		{4136D54F-6408-4EBA-B5A6-F729A9E2B6A1}.Release|Any CPU.ActiveCfg = Release|Any CPU
		{4136D54F-6408-4EBA-B5A6-F729A9E2B6A1}.Release|Any CPU.Build.0 = Release|Any CPU
		{3AA7B109-024F-46A4-8B9E-968BF799F17B}.Debug|Any CPU.ActiveCfg = Debug|Any CPU
		{3AA7B109-024F-46A4-8B9E-968BF799F17B}.Debug|Any CPU.Build.0 = Debug|Any CPU
		{3AA7B109-024F-46A4-8B9E-968BF799F17B}.Release|Any CPU.ActiveCfg = Release|Any CPU
		{3AA7B109-024F-46A4-8B9E-968BF799F17B}.Release|Any CPU.Build.0 = Release|Any CPU
		{9C8B817C-0C9E-486B-87E4-15D075F1F7F4}.Debug|Any CPU.ActiveCfg = Debug|Any CPU
		{9C8B817C-0C9E-486B-87E4-15D075F1F7F4}.Debug|Any CPU.Build.0 = Debug|Any CPU
		{9C8B817C-0C9E-486B-87E4-15D075F1F7F4}.Release|Any CPU.ActiveCfg = Release|Any CPU
		{9C8B817C-0C9E-486B-87E4-15D075F1F7F4}.Release|Any CPU.Build.0 = Release|Any CPU
		{4DF0E379-A57C-4A3E-8533-73B578FE2DB2}.Debug|Any CPU.ActiveCfg = Debug|Any CPU
		{4DF0E379-A57C-4A3E-8533-73B578FE2DB2}.Debug|Any CPU.Build.0 = Debug|Any CPU
		{4DF0E379-A57C-4A3E-8533-73B578FE2DB2}.Release|Any CPU.ActiveCfg = Release|Any CPU
		{4DF0E379-A57C-4A3E-8533-73B578FE2DB2}.Release|Any CPU.Build.0 = Release|Any CPU
		{6ED6D05C-C45C-4519-A8C4-EF06BEC879CA}.Debug|Any CPU.ActiveCfg = Debug|Any CPU
		{6ED6D05C-C45C-4519-A8C4-EF06BEC879CA}.Debug|Any CPU.Build.0 = Debug|Any CPU
		{6ED6D05C-C45C-4519-A8C4-EF06BEC879CA}.Release|Any CPU.ActiveCfg = Release|Any CPU
		{6ED6D05C-C45C-4519-A8C4-EF06BEC879CA}.Release|Any CPU.Build.0 = Release|Any CPU
		{2CE2A07C-A68E-4C65-AE52-487201640EA7}.Debug|Any CPU.ActiveCfg = Debug|Any CPU
		{2CE2A07C-A68E-4C65-AE52-487201640EA7}.Debug|Any CPU.Build.0 = Debug|Any CPU
		{2CE2A07C-A68E-4C65-AE52-487201640EA7}.Release|Any CPU.ActiveCfg = Release|Any CPU
		{2CE2A07C-A68E-4C65-AE52-487201640EA7}.Release|Any CPU.Build.0 = Release|Any CPU
		{0222DC0D-55AD-4E57-B2DA-FD0C4D1F440A}.Debug|Any CPU.ActiveCfg = Debug|Any CPU
		{0222DC0D-55AD-4E57-B2DA-FD0C4D1F440A}.Debug|Any CPU.Build.0 = Debug|Any CPU
		{0222DC0D-55AD-4E57-B2DA-FD0C4D1F440A}.Release|Any CPU.ActiveCfg = Release|Any CPU
		{0222DC0D-55AD-4E57-B2DA-FD0C4D1F440A}.Release|Any CPU.Build.0 = Release|Any CPU
		{3B12A6B5-053A-438C-9A99-15559F91647B}.Debug|Any CPU.ActiveCfg = Debug|Any CPU
		{3B12A6B5-053A-438C-9A99-15559F91647B}.Debug|Any CPU.Build.0 = Debug|Any CPU
		{3B12A6B5-053A-438C-9A99-15559F91647B}.Release|Any CPU.ActiveCfg = Release|Any CPU
		{3B12A6B5-053A-438C-9A99-15559F91647B}.Release|Any CPU.Build.0 = Release|Any CPU
		{3B9C7556-C18F-417F-BFBD-3AB48C96CA90}.Debug|Any CPU.ActiveCfg = Debug|Any CPU
		{3B9C7556-C18F-417F-BFBD-3AB48C96CA90}.Debug|Any CPU.Build.0 = Debug|Any CPU
		{3B9C7556-C18F-417F-BFBD-3AB48C96CA90}.Release|Any CPU.ActiveCfg = Release|Any CPU
		{3B9C7556-C18F-417F-BFBD-3AB48C96CA90}.Release|Any CPU.Build.0 = Release|Any CPU
		{D0C424F3-3A45-4092-B8CD-27A970C28684}.Debug|Any CPU.ActiveCfg = Debug|Any CPU
		{D0C424F3-3A45-4092-B8CD-27A970C28684}.Debug|Any CPU.Build.0 = Debug|Any CPU
		{D0C424F3-3A45-4092-B8CD-27A970C28684}.Release|Any CPU.ActiveCfg = Release|Any CPU
		{D0C424F3-3A45-4092-B8CD-27A970C28684}.Release|Any CPU.Build.0 = Release|Any CPU
		{C3C64596-315D-45F0-AB20-E33879A1AC62}.Debug|Any CPU.ActiveCfg = Debug|Any CPU
		{C3C64596-315D-45F0-AB20-E33879A1AC62}.Debug|Any CPU.Build.0 = Debug|Any CPU
		{C3C64596-315D-45F0-AB20-E33879A1AC62}.Release|Any CPU.ActiveCfg = Release|Any CPU
		{C3C64596-315D-45F0-AB20-E33879A1AC62}.Release|Any CPU.Build.0 = Release|Any CPU
	EndGlobalSection
	GlobalSection(SolutionProperties) = preSolution
		HideSolutionNode = FALSE
	EndGlobalSection
	GlobalSection(NestedProjects) = preSolution
		{CB9E6BD4-B7E6-4718-B29B-3E8FB034F84F} = {219F0EF2-26B5-42B8-8B87-9DBDBF2E5E12}
		{85E47408-FF31-4B3B-A1DA-C1738AC846BC} = {CB9E6BD4-B7E6-4718-B29B-3E8FB034F84F}
		{3D72B4EC-5976-479E-8DC8-D1C90977DC9A} = {CB9E6BD4-B7E6-4718-B29B-3E8FB034F84F}
		{B6FEF63E-9F38-4EDC-AA0C-05DEB260DEE5} = {219F0EF2-26B5-42B8-8B87-9DBDBF2E5E12}
		{57F39917-D371-46FC-B088-ABACE59361CF} = {B6FEF63E-9F38-4EDC-AA0C-05DEB260DEE5}
		{4136D54F-6408-4EBA-B5A6-F729A9E2B6A1} = {B6FEF63E-9F38-4EDC-AA0C-05DEB260DEE5}
		{20B3C8FA-2091-417D-AB11-685D0ED73794} = {219F0EF2-26B5-42B8-8B87-9DBDBF2E5E12}
		{3AA7B109-024F-46A4-8B9E-968BF799F17B} = {20B3C8FA-2091-417D-AB11-685D0ED73794}
		{72827747-6BE1-49B8-ABB5-07DA02AE5DC9} = {219F0EF2-26B5-42B8-8B87-9DBDBF2E5E12}
		{9C8B817C-0C9E-486B-87E4-15D075F1F7F4} = {72827747-6BE1-49B8-ABB5-07DA02AE5DC9}
		{4DF0E379-A57C-4A3E-8533-73B578FE2DB2} = {72827747-6BE1-49B8-ABB5-07DA02AE5DC9}
		{6ED6D05C-C45C-4519-A8C4-EF06BEC879CA} = {72827747-6BE1-49B8-ABB5-07DA02AE5DC9}
		{2CE2A07C-A68E-4C65-AE52-487201640EA7} = {72827747-6BE1-49B8-ABB5-07DA02AE5DC9}
		{A85888B7-FC1F-469B-AC3A-D63ACD342183} = {219F0EF2-26B5-42B8-8B87-9DBDBF2E5E12}
		{0222DC0D-55AD-4E57-B2DA-FD0C4D1F440A} = {A85888B7-FC1F-469B-AC3A-D63ACD342183}
		{3B12A6B5-053A-438C-9A99-15559F91647B} = {A85888B7-FC1F-469B-AC3A-D63ACD342183}
		{D2DD324F-2393-4635-8401-4FD4357DA33C} = {219F0EF2-26B5-42B8-8B87-9DBDBF2E5E12}
		{3B9C7556-C18F-417F-BFBD-3AB48C96CA90} = {D2DD324F-2393-4635-8401-4FD4357DA33C}
		{D0C424F3-3A45-4092-B8CD-27A970C28684} = {D2DD324F-2393-4635-8401-4FD4357DA33C}
		{BFFB1D06-07C4-4677-B12B-C848F3CD6556} = {219F0EF2-26B5-42B8-8B87-9DBDBF2E5E12}
		{C3C64596-315D-45F0-AB20-E33879A1AC62} = {BFFB1D06-07C4-4677-B12B-C848F3CD6556}
	EndGlobalSection
	GlobalSection(ExtensibilityGlobals) = postSolution
		SolutionGuid = {71961D5B-E66A-401B-8F49-DB893FFD4DE5}
	EndGlobalSection
EndGlobal
